
Microsoft Visual Studio Solution File, Format Version 12.00
# Visual Studio 15
VisualStudioVersion = 15.0.28010.2003
MinimumVisualStudioVersion = 10.0.40219.1
Project("{FAE04EC0-301F-11D3-BF4B-00C04F79EFBC}") = "StringExamples", "StringExamples\StringExamples.csproj", "{AA47E32D-F1A2-4FBD-A2A5-307D7D89DF2D}"
EndProject
Global
	GlobalSection(SolutionConfigurationPlatforms) = preSolution
		Debug|Any CPU = Debug|Any CPU
		Release|Any CPU = Release|Any CPU
	EndGlobalSection
	GlobalSection(ProjectConfigurationPlatforms) = postSolution
		{AA47E32D-F1A2-4FBD-A2A5-307D7D89DF2D}.Debug|Any CPU.ActiveCfg = Debug|Any CPU
		{AA47E32D-F1A2-4FBD-A2A5-307D7D89DF2D}.Debug|Any CPU.Build.0 = Debug|Any CPU
		{AA47E32D-F1A2-4FBD-A2A5-307D7D89DF2D}.Release|Any CPU.ActiveCfg = Release|Any CPU
		{AA47E32D-F1A2-4FBD-A2A5-307D7D89DF2D}.Release|Any CPU.Build.0 = Release|Any CPU
	EndGlobalSection
	GlobalSection(SolutionProperties) = preSolution
		HideSolutionNode = FALSE
	EndGlobalSection
	GlobalSection(ExtensibilityGlobals) = postSolution
		SolutionGuid = {5B225BC6-AA2E-439A-BAE2-7F084F211C70}
	EndGlobalSection
EndGlobal
